
Microsoft Visual Studio Solution File, Format Version 12.00
# Visual Studio Version 16
VisualStudioVersion = 16.0.29519.181
MinimumVisualStudioVersion = 10.0.40219.1
Project("{2150E333-8FDC-42A3-9474-1A3956D46DE8}") = "src", "src", "{2110C3A0-16D7-4DF6-8FEC-E2D71CD93D8C}"
EndProject
Project("{2150E333-8FDC-42A3-9474-1A3956D46DE8}") = "Services", "Services", "{5E9BD463-6C8D-4E10-954A-2CFE215B6936}"
EndProject
Project("{2150E333-8FDC-42A3-9474-1A3956D46DE8}") = "Web", "Web", "{13C00709-EF11-4DB0-B5C7-721A31BB5B61}"
EndProject
Project("{9A19103F-16F7-4668-BE54-9A1E7A4F7556}") = "ProductCatalogApi", "src\Services\ProductCatalogApi\ProductCatalogApi.csproj", "{07D5FD20-3A93-43F4-8802-656EF543ABAB}"
EndProject
Project("{2150E333-8FDC-42A3-9474-1A3956D46DE8}") = "Solution Items", "Solution Items", "{5518A467-4C8E-4C37-B372-69ECF6B6112F}"
	ProjectSection(SolutionItems) = preProject
		.editorconfig = .editorconfig
		.env = .env
		docker-compose.CartApi.redis.yml = docker-compose.CartApi.redis.yml
		docker-compose.CartApi.yml = docker-compose.CartApi.yml
		docker-compose.OrderApi.yml = docker-compose.OrderApi.yml
		docker-compose.yml = docker-compose.yml
		secrets.env = secrets.env
		utils.txt = utils.txt
	EndProjectSection
EndProject
Project("{9A19103F-16F7-4668-BE54-9A1E7A4F7556}") = "WebMvc", "src\Web\WebMvc\WebMvc.csproj", "{B643BF27-98E4-4A98-BF71-116500B71C03}"
EndProject
Project("{9A19103F-16F7-4668-BE54-9A1E7A4F7556}") = "TokenServiceApi", "src\Services\TokenServiceApi\TokenServiceApi.csproj", "{234187B4-B043-4023-9C51-37A33C01DB64}"
EndProject
Project("{9A19103F-16F7-4668-BE54-9A1E7A4F7556}") = "CartApi", "src\Services\CartApi\CartApi.csproj", "{3715B634-BDB6-44C7-A51A-C579FB69187C}"
EndProject
Project("{9A19103F-16F7-4668-BE54-9A1E7A4F7556}") = "OrderApi", "src\services\OrderApi\OrderApi.csproj", "{A6CC8FF2-0340-4B43-9DC6-FD81BA7FC692}"
EndProject
Global
	GlobalSection(SolutionConfigurationPlatforms) = preSolution
		Debug|Any CPU = Debug|Any CPU
		Release|Any CPU = Release|Any CPU
	EndGlobalSection
	GlobalSection(ProjectConfigurationPlatforms) = postSolution
		{07D5FD20-3A93-43F4-8802-656EF543ABAB}.Debug|Any CPU.ActiveCfg = Debug|Any CPU
		{07D5FD20-3A93-43F4-8802-656EF543ABAB}.Debug|Any CPU.Build.0 = Debug|Any CPU
		{07D5FD20-3A93-43F4-8802-656EF543ABAB}.Release|Any CPU.ActiveCfg = Release|Any CPU
		{07D5FD20-3A93-43F4-8802-656EF543ABAB}.Release|Any CPU.Build.0 = Release|Any CPU
		{B643BF27-98E4-4A98-BF71-116500B71C03}.Debug|Any CPU.ActiveCfg = Debug|Any CPU
		{B643BF27-98E4-4A98-BF71-116500B71C03}.Debug|Any CPU.Build.0 = Debug|Any CPU
		{B643BF27-98E4-4A98-BF71-116500B71C03}.Release|Any CPU.ActiveCfg = Release|Any CPU
		{B643BF27-98E4-4A98-BF71-116500B71C03}.Release|Any CPU.Build.0 = Release|Any CPU
		{234187B4-B043-4023-9C51-37A33C01DB64}.Debug|Any CPU.ActiveCfg = Debug|Any CPU
		{234187B4-B043-4023-9C51-37A33C01DB64}.Debug|Any CPU.Build.0 = Debug|Any CPU
		{234187B4-B043-4023-9C51-37A33C01DB64}.Release|Any CPU.ActiveCfg = Release|Any CPU
		{234187B4-B043-4023-9C51-37A33C01DB64}.Release|Any CPU.Build.0 = Release|Any CPU
		{3715B634-BDB6-44C7-A51A-C579FB69187C}.Debug|Any CPU.ActiveCfg = Debug|Any CPU
		{3715B634-BDB6-44C7-A51A-C579FB69187C}.Debug|Any CPU.Build.0 = Debug|Any CPU
		{3715B634-BDB6-44C7-A51A-C579FB69187C}.Release|Any CPU.ActiveCfg = Release|Any CPU
		{3715B634-BDB6-44C7-A51A-C579FB69187C}.Release|Any CPU.Build.0 = Release|Any CPU
		{A6CC8FF2-0340-4B43-9DC6-FD81BA7FC692}.Debug|Any CPU.ActiveCfg = Debug|Any CPU
		{A6CC8FF2-0340-4B43-9DC6-FD81BA7FC692}.Debug|Any CPU.Build.0 = Debug|Any CPU
		{A6CC8FF2-0340-4B43-9DC6-FD81BA7FC692}.Release|Any CPU.ActiveCfg = Release|Any CPU
		{A6CC8FF2-0340-4B43-9DC6-FD81BA7FC692}.Release|Any CPU.Build.0 = Release|Any CPU
	EndGlobalSection
	GlobalSection(SolutionProperties) = preSolution
		HideSolutionNode = FALSE
	EndGlobalSection
	GlobalSection(NestedProjects) = preSolution
		{5E9BD463-6C8D-4E10-954A-2CFE215B6936} = {2110C3A0-16D7-4DF6-8FEC-E2D71CD93D8C}
		{13C00709-EF11-4DB0-B5C7-721A31BB5B61} = {2110C3A0-16D7-4DF6-8FEC-E2D71CD93D8C}
		{07D5FD20-3A93-43F4-8802-656EF543ABAB} = {5E9BD463-6C8D-4E10-954A-2CFE215B6936}
		{B643BF27-98E4-4A98-BF71-116500B71C03} = {13C00709-EF11-4DB0-B5C7-721A31BB5B61}
		{234187B4-B043-4023-9C51-37A33C01DB64} = {5E9BD463-6C8D-4E10-954A-2CFE215B6936}
		{3715B634-BDB6-44C7-A51A-C579FB69187C} = {5E9BD463-6C8D-4E10-954A-2CFE215B6936}
		{A6CC8FF2-0340-4B43-9DC6-FD81BA7FC692} = {5E9BD463-6C8D-4E10-954A-2CFE215B6936}
	EndGlobalSection
	GlobalSection(ExtensibilityGlobals) = postSolution
		SolutionGuid = {FD4AD4DC-E14F-4311-9E83-39FEA3374143}
	EndGlobalSection
EndGlobal
